<Solution>
  <Project Path="SGE.Aplicacion\SGE.Aplicacion.csproj" />
  <Project Path="SGE.Dominio\SGE.Dominio.csproj" />
  <Project Path="SGE.Frontend/SGE.Frontend.csproj" />
  <Project Path="SGE.Infraestructura\SGE.Infraestructura.csproj" />
  <Project Path="SGE.WebAPI/SGE.WebAPI.csproj" />
</Solution>
